{
    "pagerfanta/pagerfanta": {
        "version": "v1.0.5"
    },
    "javiereguiluz/easyadmin-bundle": {
        "version": "1.17",
        "recipe": {
            "repo": "github.com/symfony/recipes",
            "branch": "master",
            "version": "1.17",
            "ref": "66070ea553247b0cd5275e21d0fe5399a25f40be"
        }
    },
    "doctrine/data-fixtures": {
        "version": "v1.2.2"
    },
    "doctrine/doctrine-fixtures-bundle": {
        "version": "2.4",
        "recipe": {
            "repo": "github.com/symfony/recipes-contrib",
            "branch": "master",
            "version": "2.4",
            "ref": "f2c3a6246cb5f36176f870bdc2e5f5b3cf6c454c"
        }
    }
}
